
Microsoft Visual Studio Solution File, Format Version 12.00
# Visual Studio Version 16
VisualStudioVersion = 16.0.31205.134
MinimumVisualStudioVersion = 10.0.40219.1
Project("{2150E333-8FDC-42A3-9474-1A3956D46DE8}") = "01 Singleton", "01 Singleton", "{E28E9B8B-CE3A-42A6-85CA-847CB992967A}"
EndProject
Project("{2150E333-8FDC-42A3-9474-1A3956D46DE8}") = "Tools", "Tools", "{2E1E4AD9-B5AF-4B4C-A453-5C5158AD3D72}"
EndProject
Project("{9A19103F-16F7-4668-BE54-9A1E7A4F7556}") = "Tools.Connections.Database", "Tools.Connections.Database\Tools.Connections.Database.csproj", "{8DC41123-D387-428B-A579-3E9175B3BA45}"
EndProject
Project("{9A19103F-16F7-4668-BE54-9A1E7A4F7556}") = "Singleton", "Singleton\Singleton.csproj", "{BBE3A579-974F-45BE-8A32-7DC65FD668A0}"
EndProject
Project("{9A19103F-16F7-4668-BE54-9A1E7A4F7556}") = "Singleton.Models", "Singleton.Models\Singleton.Models.csproj", "{0379B359-3077-41CC-9BAB-BDA75024014B}"
EndProject
Project("{2150E333-8FDC-42A3-9474-1A3956D46DE8}") = "02 Locator", "02 Locator", "{1E5F512C-A739-456F-ADF5-AF6224F6AF09}"
EndProject
Project("{9A19103F-16F7-4668-BE54-9A1E7A4F7556}") = "Locator", "Locator\Locator.csproj", "{85EC13CD-895A-470F-9574-A9CD5CA5A9D7}"
EndProject
Project("{9A19103F-16F7-4668-BE54-9A1E7A4F7556}") = "Locator.Models", "Locator.Models\Locator.Models.csproj", "{E1C87F96-9BEC-4082-B7C6-CC6EDEA47067}"
EndProject
Project("{2150E333-8FDC-42A3-9474-1A3956D46DE8}") = "03 Inversion of Control", "03 Inversion of Control", "{33EF3CF2-CFFC-46DD-946B-AF98ABC953CD}"
EndProject
Project("{9A19103F-16F7-4668-BE54-9A1E7A4F7556}") = "InversionOfControl", "InversionOfControl\InversionOfControl.csproj", "{D0293B99-22B7-4318-961A-11CDB82790C6}"
EndProject
Project("{9A19103F-16F7-4668-BE54-9A1E7A4F7556}") = "InversionOfControl.Models", "InversionOfControl.Models\InversionOfControl.Models.csproj", "{88AC705D-F7EA-4577-B98B-1C9AB6C9F20C}"
EndProject
Project("{9A19103F-16F7-4668-BE54-9A1E7A4F7556}") = "Tools.IOC", "Tools.IOC\Tools.IOC.csproj", "{2D602202-86DA-4364-B5FE-456E6B42573F}"
EndProject
Project("{2150E333-8FDC-42A3-9474-1A3956D46DE8}") = "04 Dependecy Injection", "04 Dependecy Injection", "{79CCA05F-9276-4344-AA1E-C5B6FA20D7EE}"
EndProject
Project("{9A19103F-16F7-4668-BE54-9A1E7A4F7556}") = "DependencyInjection", "DependencyInjection\DependencyInjection.csproj", "{6DA4A470-6D6F-44D3-9954-46B4E0F1B612}"
EndProject
Project("{9A19103F-16F7-4668-BE54-9A1E7A4F7556}") = "DependencyInjection.Models", "DependencyInjection.Models\DependencyInjection.Models.csproj", "{C042D3D6-AA78-4D5B-9AF1-10EA8604A9FB}"
EndProject
Project("{9A19103F-16F7-4668-BE54-9A1E7A4F7556}") = "Tools.DI", "Tools.DI\Tools.DI.csproj", "{371A6DFB-BC36-4D72-9D97-A8A821A364AA}"
EndProject
Project("{2150E333-8FDC-42A3-9474-1A3956D46DE8}") = "05 Microsoft Dependency Injection", "05 Microsoft Dependency Injection", "{7BE3DDDE-3B0A-442B-8B65-A17A1F319244}"
EndProject
Project("{9A19103F-16F7-4668-BE54-9A1E7A4F7556}") = "Tools.Microsoft", "Tools.Microsoft\Tools.Microsoft.csproj", "{0BD0D677-0AF3-4159-AD62-5413D3126E26}"
EndProject
Project("{9A19103F-16F7-4668-BE54-9A1E7A4F7556}") = "Microsoft", "Microsoft\Microsoft.csproj", "{5611A35D-873A-4169-9B10-29AA3B406A2A}"
EndProject
Project("{9A19103F-16F7-4668-BE54-9A1E7A4F7556}") = "Microsoft.Models", "Microsoft.Models\Microsoft.Models.csproj", "{EE143AD3-05E3-4515-9FA9-9F54CFA38087}"
EndProject
Global
	GlobalSection(SolutionConfigurationPlatforms) = preSolution
		Debug|Any CPU = Debug|Any CPU
		Release|Any CPU = Release|Any CPU
	EndGlobalSection
	GlobalSection(ProjectConfigurationPlatforms) = postSolution
		{8DC41123-D387-428B-A579-3E9175B3BA45}.Debug|Any CPU.ActiveCfg = Debug|Any CPU
		{8DC41123-D387-428B-A579-3E9175B3BA45}.Debug|Any CPU.Build.0 = Debug|Any CPU
		{8DC41123-D387-428B-A579-3E9175B3BA45}.Release|Any CPU.ActiveCfg = Release|Any CPU
		{8DC41123-D387-428B-A579-3E9175B3BA45}.Release|Any CPU.Build.0 = Release|Any CPU
		{BBE3A579-974F-45BE-8A32-7DC65FD668A0}.Debug|Any CPU.ActiveCfg = Debug|Any CPU
		{BBE3A579-974F-45BE-8A32-7DC65FD668A0}.Debug|Any CPU.Build.0 = Debug|Any CPU
		{BBE3A579-974F-45BE-8A32-7DC65FD668A0}.Release|Any CPU.ActiveCfg = Release|Any CPU
		{BBE3A579-974F-45BE-8A32-7DC65FD668A0}.Release|Any CPU.Build.0 = Release|Any CPU
		{0379B359-3077-41CC-9BAB-BDA75024014B}.Debug|Any CPU.ActiveCfg = Debug|Any CPU
		{0379B359-3077-41CC-9BAB-BDA75024014B}.Debug|Any CPU.Build.0 = Debug|Any CPU
		{0379B359-3077-41CC-9BAB-BDA75024014B}.Release|Any CPU.ActiveCfg = Release|Any CPU
		{0379B359-3077-41CC-9BAB-BDA75024014B}.Release|Any CPU.Build.0 = Release|Any CPU
		{85EC13CD-895A-470F-9574-A9CD5CA5A9D7}.Debug|Any CPU.ActiveCfg = Debug|Any CPU
		{85EC13CD-895A-470F-9574-A9CD5CA5A9D7}.Debug|Any CPU.Build.0 = Debug|Any CPU
		{85EC13CD-895A-470F-9574-A9CD5CA5A9D7}.Release|Any CPU.ActiveCfg = Release|Any CPU
		{85EC13CD-895A-470F-9574-A9CD5CA5A9D7}.Release|Any CPU.Build.0 = Release|Any CPU
		{E1C87F96-9BEC-4082-B7C6-CC6EDEA47067}.Debug|Any CPU.ActiveCfg = Debug|Any CPU
		{E1C87F96-9BEC-4082-B7C6-CC6EDEA47067}.Debug|Any CPU.Build.0 = Debug|Any CPU
		{E1C87F96-9BEC-4082-B7C6-CC6EDEA47067}.Release|Any CPU.ActiveCfg = Release|Any CPU
		{E1C87F96-9BEC-4082-B7C6-CC6EDEA47067}.Release|Any CPU.Build.0 = Release|Any CPU
		{D0293B99-22B7-4318-961A-11CDB82790C6}.Debug|Any CPU.ActiveCfg = Debug|Any CPU
		{D0293B99-22B7-4318-961A-11CDB82790C6}.Debug|Any CPU.Build.0 = Debug|Any CPU
		{D0293B99-22B7-4318-961A-11CDB82790C6}.Release|Any CPU.ActiveCfg = Release|Any CPU
		{D0293B99-22B7-4318-961A-11CDB82790C6}.Release|Any CPU.Build.0 = Release|Any CPU
		{88AC705D-F7EA-4577-B98B-1C9AB6C9F20C}.Debug|Any CPU.ActiveCfg = Debug|Any CPU
		{88AC705D-F7EA-4577-B98B-1C9AB6C9F20C}.Debug|Any CPU.Build.0 = Debug|Any CPU
		{88AC705D-F7EA-4577-B98B-1C9AB6C9F20C}.Release|Any CPU.ActiveCfg = Release|Any CPU
		{88AC705D-F7EA-4577-B98B-1C9AB6C9F20C}.Release|Any CPU.Build.0 = Release|Any CPU
		{2D602202-86DA-4364-B5FE-456E6B42573F}.Debug|Any CPU.ActiveCfg = Debug|Any CPU
		{2D602202-86DA-4364-B5FE-456E6B42573F}.Debug|Any CPU.Build.0 = Debug|Any CPU
		{2D602202-86DA-4364-B5FE-456E6B42573F}.Release|Any CPU.ActiveCfg = Release|Any CPU
		{2D602202-86DA-4364-B5FE-456E6B42573F}.Release|Any CPU.Build.0 = Release|Any CPU
		{6DA4A470-6D6F-44D3-9954-46B4E0F1B612}.Debug|Any CPU.ActiveCfg = Debug|Any CPU
		{6DA4A470-6D6F-44D3-9954-46B4E0F1B612}.Debug|Any CPU.Build.0 = Debug|Any CPU
		{6DA4A470-6D6F-44D3-9954-46B4E0F1B612}.Release|Any CPU.ActiveCfg = Release|Any CPU
		{6DA4A470-6D6F-44D3-9954-46B4E0F1B612}.Release|Any CPU.Build.0 = Release|Any CPU
		{C042D3D6-AA78-4D5B-9AF1-10EA8604A9FB}.Debug|Any CPU.ActiveCfg = Debug|Any CPU
		{C042D3D6-AA78-4D5B-9AF1-10EA8604A9FB}.Debug|Any CPU.Build.0 = Debug|Any CPU
		{C042D3D6-AA78-4D5B-9AF1-10EA8604A9FB}.Release|Any CPU.ActiveCfg = Release|Any CPU
		{C042D3D6-AA78-4D5B-9AF1-10EA8604A9FB}.Release|Any CPU.Build.0 = Release|Any CPU
		{371A6DFB-BC36-4D72-9D97-A8A821A364AA}.Debug|Any CPU.ActiveCfg = Debug|Any CPU
		{371A6DFB-BC36-4D72-9D97-A8A821A364AA}.Debug|Any CPU.Build.0 = Debug|Any CPU
		{371A6DFB-BC36-4D72-9D97-A8A821A364AA}.Release|Any CPU.ActiveCfg = Release|Any CPU
		{371A6DFB-BC36-4D72-9D97-A8A821A364AA}.Release|Any CPU.Build.0 = Release|Any CPU
		{0BD0D677-0AF3-4159-AD62-5413D3126E26}.Debug|Any CPU.ActiveCfg = Debug|Any CPU
		{0BD0D677-0AF3-4159-AD62-5413D3126E26}.Debug|Any CPU.Build.0 = Debug|Any CPU
		{0BD0D677-0AF3-4159-AD62-5413D3126E26}.Release|Any CPU.ActiveCfg = Release|Any CPU
		{0BD0D677-0AF3-4159-AD62-5413D3126E26}.Release|Any CPU.Build.0 = Release|Any CPU
		{5611A35D-873A-4169-9B10-29AA3B406A2A}.Debug|Any CPU.ActiveCfg = Debug|Any CPU
		{5611A35D-873A-4169-9B10-29AA3B406A2A}.Debug|Any CPU.Build.0 = Debug|Any CPU
		{5611A35D-873A-4169-9B10-29AA3B406A2A}.Release|Any CPU.ActiveCfg = Release|Any CPU
		{5611A35D-873A-4169-9B10-29AA3B406A2A}.Release|Any CPU.Build.0 = Release|Any CPU
		{EE143AD3-05E3-4515-9FA9-9F54CFA38087}.Debug|Any CPU.ActiveCfg = Debug|Any CPU
		{EE143AD3-05E3-4515-9FA9-9F54CFA38087}.Debug|Any CPU.Build.0 = Debug|Any CPU
		{EE143AD3-05E3-4515-9FA9-9F54CFA38087}.Release|Any CPU.ActiveCfg = Release|Any CPU
		{EE143AD3-05E3-4515-9FA9-9F54CFA38087}.Release|Any CPU.Build.0 = Release|Any CPU
	EndGlobalSection
	GlobalSection(SolutionProperties) = preSolution
		HideSolutionNode = FALSE
	EndGlobalSection
	GlobalSection(NestedProjects) = preSolution
		{8DC41123-D387-428B-A579-3E9175B3BA45} = {2E1E4AD9-B5AF-4B4C-A453-5C5158AD3D72}
		{BBE3A579-974F-45BE-8A32-7DC65FD668A0} = {E28E9B8B-CE3A-42A6-85CA-847CB992967A}
		{0379B359-3077-41CC-9BAB-BDA75024014B} = {E28E9B8B-CE3A-42A6-85CA-847CB992967A}
		{85EC13CD-895A-470F-9574-A9CD5CA5A9D7} = {1E5F512C-A739-456F-ADF5-AF6224F6AF09}
		{E1C87F96-9BEC-4082-B7C6-CC6EDEA47067} = {1E5F512C-A739-456F-ADF5-AF6224F6AF09}
		{D0293B99-22B7-4318-961A-11CDB82790C6} = {33EF3CF2-CFFC-46DD-946B-AF98ABC953CD}
		{88AC705D-F7EA-4577-B98B-1C9AB6C9F20C} = {33EF3CF2-CFFC-46DD-946B-AF98ABC953CD}
		{2D602202-86DA-4364-B5FE-456E6B42573F} = {33EF3CF2-CFFC-46DD-946B-AF98ABC953CD}
		{6DA4A470-6D6F-44D3-9954-46B4E0F1B612} = {79CCA05F-9276-4344-AA1E-C5B6FA20D7EE}
		{C042D3D6-AA78-4D5B-9AF1-10EA8604A9FB} = {79CCA05F-9276-4344-AA1E-C5B6FA20D7EE}
		{371A6DFB-BC36-4D72-9D97-A8A821A364AA} = {79CCA05F-9276-4344-AA1E-C5B6FA20D7EE}
		{0BD0D677-0AF3-4159-AD62-5413D3126E26} = {7BE3DDDE-3B0A-442B-8B65-A17A1F319244}
		{5611A35D-873A-4169-9B10-29AA3B406A2A} = {7BE3DDDE-3B0A-442B-8B65-A17A1F319244}
		{EE143AD3-05E3-4515-9FA9-9F54CFA38087} = {7BE3DDDE-3B0A-442B-8B65-A17A1F319244}
	EndGlobalSection
	GlobalSection(ExtensibilityGlobals) = postSolution
		SolutionGuid = {B09B1AF8-88ED-4019-A46E-84AF5AC0915C}
	EndGlobalSection
EndGlobal
